
Microsoft Visual Studio Solution File, Format Version 12.00
# Visual Studio Version 16
VisualStudioVersion = 16.0.29920.165
MinimumVisualStudioVersion = 10.0.40219.1
Project("{FAE04EC0-301F-11D3-BF4B-00C04F79EFBC}") = "Origin.ATM", "Origin.ATM.csproj", "{B98B17A4-2581-4ECA-928C-32E0FE2BB3C9}"
EndProject
Global
	GlobalSection(SolutionConfigurationPlatforms) = preSolution
		Debug|Any CPU = Debug|Any CPU
		Release|Any CPU = Release|Any CPU
	EndGlobalSection
	GlobalSection(ProjectConfigurationPlatforms) = postSolution
		{B98B17A4-2581-4ECA-928C-32E0FE2BB3C9}.Debug|Any CPU.ActiveCfg = Debug|Any CPU
		{B98B17A4-2581-4ECA-928C-32E0FE2BB3C9}.Debug|Any CPU.Build.0 = Debug|Any CPU
		{B98B17A4-2581-4ECA-928C-32E0FE2BB3C9}.Release|Any CPU.ActiveCfg = Release|Any CPU
		{B98B17A4-2581-4ECA-928C-32E0FE2BB3C9}.Release|Any CPU.Build.0 = Release|Any CPU
	EndGlobalSection
	GlobalSection(SolutionProperties) = preSolution
		HideSolutionNode = FALSE
	EndGlobalSection
	GlobalSection(ExtensibilityGlobals) = postSolution
		SolutionGuid = {0C00A54A-FC4B-4552-97AA-4ABEF0450BEF}
	EndGlobalSection
EndGlobal
